
Microsoft Visual Studio Solution File, Format Version 12.00
# Visual Studio 2012
Project("{FAE04EC0-301F-11D3-BF4B-00C04F79EFBC}") = "FPT.Framework.iOS.UI.CalendarTimePicker", "Lib\FPT.Framework.iOS.UI.CalendarTimePicker\FPT.Framework.iOS.UI.CalendarTimePicker.csproj", "{F409421B-3B5C-4DE7-B5D2-4C64C0A249C7}"
EndProject
Project("{FAE04EC0-301F-11D3-BF4B-00C04F79EFBC}") = "Demo", "Demo\Demo.csproj", "{76630490-E38F-4F81-8FD4-9D15EF56C271}"
EndProject
Global
	GlobalSection(SolutionConfigurationPlatforms) = preSolution
		Debug|iPhoneSimulator = Debug|iPhoneSimulator
		Release|iPhone = Release|iPhone
		Release|iPhoneSimulator = Release|iPhoneSimulator
		Debug|iPhone = Debug|iPhone
	EndGlobalSection
	GlobalSection(ProjectConfigurationPlatforms) = postSolution
		{F409421B-3B5C-4DE7-B5D2-4C64C0A249C7}.Debug|iPhoneSimulator.ActiveCfg = Debug|Any CPU
		{F409421B-3B5C-4DE7-B5D2-4C64C0A249C7}.Debug|iPhoneSimulator.Build.0 = Debug|Any CPU
		{F409421B-3B5C-4DE7-B5D2-4C64C0A249C7}.Release|iPhone.ActiveCfg = Release|Any CPU
		{F409421B-3B5C-4DE7-B5D2-4C64C0A249C7}.Release|iPhone.Build.0 = Release|Any CPU
		{F409421B-3B5C-4DE7-B5D2-4C64C0A249C7}.Release|iPhoneSimulator.ActiveCfg = Release|Any CPU
		{F409421B-3B5C-4DE7-B5D2-4C64C0A249C7}.Release|iPhoneSimulator.Build.0 = Release|Any CPU
		{F409421B-3B5C-4DE7-B5D2-4C64C0A249C7}.Debug|iPhone.ActiveCfg = Debug|Any CPU
		{F409421B-3B5C-4DE7-B5D2-4C64C0A249C7}.Debug|iPhone.Build.0 = Debug|Any CPU
		{76630490-E38F-4F81-8FD4-9D15EF56C271}.Debug|iPhoneSimulator.ActiveCfg = Debug|iPhoneSimulator
		{76630490-E38F-4F81-8FD4-9D15EF56C271}.Debug|iPhoneSimulator.Build.0 = Debug|iPhoneSimulator
		{76630490-E38F-4F81-8FD4-9D15EF56C271}.Release|iPhone.ActiveCfg = Release|iPhone
		{76630490-E38F-4F81-8FD4-9D15EF56C271}.Release|iPhone.Build.0 = Release|iPhone
		{76630490-E38F-4F81-8FD4-9D15EF56C271}.Release|iPhoneSimulator.ActiveCfg = Release|iPhoneSimulator
		{76630490-E38F-4F81-8FD4-9D15EF56C271}.Release|iPhoneSimulator.Build.0 = Release|iPhoneSimulator
		{76630490-E38F-4F81-8FD4-9D15EF56C271}.Debug|iPhone.ActiveCfg = Debug|iPhone
		{76630490-E38F-4F81-8FD4-9D15EF56C271}.Debug|iPhone.Build.0 = Debug|iPhone
	EndGlobalSection
EndGlobal
